# This file is generated by running "yarn install" inside your project.
# Manual changes might be lost - proceed with caution!

__metadata:
  version: 8
  cacheKey: 10c0

"@test/app@workspace:packages/app":
  version: 0.0.0-use.local
  resolution: "@test/app@workspace:packages/app"
  dependencies:
    "@test/shared": "workspace:*"
  languageName: unknown
  linkType: soft

"@test/shared@workspace:*, @test/shared@workspace:packages/shared":
  version: 0.0.0-use.local
  resolution: "@test/shared@workspace:packages/shared"
  languageName: unknown
  linkType: soft

"@types/node@npm:^24.0.3":
  version: 24.0.3
  resolution: "@types/node@npm:24.0.3::__archiveUrl=https%3A%2F%2Fpackages.atlassian.com%2Fapi%2Fnpm%2Fnpm-remote%2F%40types%2Fnode%2F-%2Fnode-24.0.3.tgz"
  dependencies:
    undici-types: "npm:~7.8.0"
  checksum: 10c0/9c3c4e87600d1cf11e291c2fd4bfd806a615455463c30a0ef6dc9c801b3423344d9b82b8084e3ccabce485a7421ebb61a66e9676181bd7d9aea4759998a120d5
  languageName: node
  linkType: hard

"picocolors@npm:^1.1.1":
  version: 1.1.1
  resolution: "picocolors@npm:1.1.1::__archiveUrl=https%3A%2F%2Fpackages.atlassian.com%2Fapi%2Fnpm%2Fnpm-remote%2Fpicocolors%2F-%2Fpicocolors-1.1.1.tgz"
  checksum: 10c0/e2e3e8170ab9d7c7421969adaa7e1b31434f789afb9b3f115f6b96d91945041ac3ceb02e9ec6fe6510ff036bcc0bf91e69a1772edc0b707e12b19c0f2d6bcf58
  languageName: node
  linkType: hard

"typescript-cache-test@workspace:.":
  version: 0.0.0-use.local
  resolution: "typescript-cache-test@workspace:."
  dependencies:
    "@types/node": "npm:^24.0.3"
    picocolors: "npm:^1.1.1"
    typescript: "npm:^5.8.3"
  languageName: unknown
  linkType: soft

"typescript@npm:^5.8.3":
  version: 5.8.3
  resolution: "typescript@npm:5.8.3::__archiveUrl=https%3A%2F%2Fpackages.atlassian.com%2Fapi%2Fnpm%2Fnpm-remote%2Ftypescript%2F-%2Ftypescript-5.8.3.tgz"
  bin:
    tsc: bin/tsc
    tsserver: bin/tsserver
  checksum: 10c0/5f8bb01196e542e64d44db3d16ee0e4063ce4f3e3966df6005f2588e86d91c03e1fb131c2581baf0fb65ee79669eea6e161cd448178986587e9f6844446dbb48
  languageName: node
  linkType: hard

"typescript@patch:typescript@npm%3A^5.8.3#optional!builtin<compat/typescript>":
  version: 5.8.3
  resolution: "typescript@patch:typescript@npm%3A5.8.3%3A%3A__archiveUrl=https%253A%252F%252Fpackages.atlassian.com%252Fapi%252Fnpm%252Fnpm-remote%252Ftypescript%252F-%252Ftypescript-5.8.3.tgz#optional!builtin<compat/typescript>::version=5.8.3&hash=5786d5"
  bin:
    tsc: bin/tsc
    tsserver: bin/tsserver
  checksum: 10c0/39117e346ff8ebd87ae1510b3a77d5d92dae5a89bde588c747d25da5c146603a99c8ee588c7ef80faaf123d89ed46f6dbd918d534d641083177d5fac38b8a1cb
  languageName: node
  linkType: hard

"undici-types@npm:~7.8.0":
  version: 7.8.0
  resolution: "undici-types@npm:7.8.0::__archiveUrl=https%3A%2F%2Fpackages.atlassian.com%2Fapi%2Fnpm%2Fnpm-remote%2Fundici-types%2F-%2Fundici-types-7.8.0.tgz"
  checksum: 10c0/9d9d246d1dc32f318d46116efe3cfca5a72d4f16828febc1918d94e58f6ffcf39c158aa28bf5b4fc52f410446bc7858f35151367bd7a49f21746cab6497b709b
  languageName: node
  linkType: hard
